
Microsoft Visual Studio Solution File, Format Version 12.00
# Visual Studio Version 17
VisualStudioVersion = 17.10.35013.160
MinimumVisualStudioVersion = 10.0.40219.1
Project("{FAE04EC0-301F-11D3-BF4B-00C04F79EFBC}") = "DAL", "DAL\DAL.csproj", "{76C5AA48-254D-4E36-B052-590EE45E8CD6}"
EndProject
Project("{FAE04EC0-301F-11D3-BF4B-00C04F79EFBC}") = "BLL", "BLL\BLL.csproj", "{1153E1D9-13E3-4C85-B629-56E7BD51A070}"
EndProject
Project("{FAE04EC0-301F-11D3-BF4B-00C04F79EFBC}") = "Entidad", "Entidad\Entidad.csproj", "{86089463-C5C8-4E63-92B5-FFA51965FD5E}"
EndProject
Project("{FAE04EC0-301F-11D3-BF4B-00C04F79EFBC}") = "WebApi_Examen_I", "WebApi_Examen_I\WebApi_Examen_I.csproj", "{8E21F35D-794F-4713-8803-559F70E2C986}"
EndProject
Global
	GlobalSection(SolutionConfigurationPlatforms) = preSolution
		Debug|Any CPU = Debug|Any CPU
		Release|Any CPU = Release|Any CPU
	EndGlobalSection
	GlobalSection(ProjectConfigurationPlatforms) = postSolution
		{76C5AA48-254D-4E36-B052-590EE45E8CD6}.Debug|Any CPU.ActiveCfg = Debug|Any CPU
		{76C5AA48-254D-4E36-B052-590EE45E8CD6}.Debug|Any CPU.Build.0 = Debug|Any CPU
		{76C5AA48-254D-4E36-B052-590EE45E8CD6}.Release|Any CPU.ActiveCfg = Release|Any CPU
		{76C5AA48-254D-4E36-B052-590EE45E8CD6}.Release|Any CPU.Build.0 = Release|Any CPU
		{1153E1D9-13E3-4C85-B629-56E7BD51A070}.Debug|Any CPU.ActiveCfg = Debug|Any CPU
		{1153E1D9-13E3-4C85-B629-56E7BD51A070}.Debug|Any CPU.Build.0 = Debug|Any CPU
		{1153E1D9-13E3-4C85-B629-56E7BD51A070}.Release|Any CPU.ActiveCfg = Release|Any CPU
		{1153E1D9-13E3-4C85-B629-56E7BD51A070}.Release|Any CPU.Build.0 = Release|Any CPU
		{86089463-C5C8-4E63-92B5-FFA51965FD5E}.Debug|Any CPU.ActiveCfg = Debug|Any CPU
		{86089463-C5C8-4E63-92B5-FFA51965FD5E}.Debug|Any CPU.Build.0 = Debug|Any CPU
		{86089463-C5C8-4E63-92B5-FFA51965FD5E}.Release|Any CPU.ActiveCfg = Release|Any CPU
		{86089463-C5C8-4E63-92B5-FFA51965FD5E}.Release|Any CPU.Build.0 = Release|Any CPU
		{8E21F35D-794F-4713-8803-559F70E2C986}.Debug|Any CPU.ActiveCfg = Debug|Any CPU
		{8E21F35D-794F-4713-8803-559F70E2C986}.Debug|Any CPU.Build.0 = Debug|Any CPU
		{8E21F35D-794F-4713-8803-559F70E2C986}.Release|Any CPU.ActiveCfg = Release|Any CPU
		{8E21F35D-794F-4713-8803-559F70E2C986}.Release|Any CPU.Build.0 = Release|Any CPU
	EndGlobalSection
	GlobalSection(SolutionProperties) = preSolution
		HideSolutionNode = FALSE
	EndGlobalSection
	GlobalSection(ExtensibilityGlobals) = postSolution
		SolutionGuid = {69E21CF7-4644-466E-B826-429DBCC97751}
	EndGlobalSection
EndGlobal
